<?xml version="1.0" encoding="utf-8"?>
<Project ToolsVersion="4.0" xmlns="http://schemas.microsoft.com/developer/msbuild/2003">
  <ItemGroup>
    <Filter Include="Source Files">
      <UniqueIdentifier>{4FC737F1-C7A5-4376-A066-2A32D752A2FF}</UniqueIdentifier>
      <Extensions>cpp;c;cc;cxx;c++;cppm;ixx;def;odl;idl;hpj;bat;asm;asmx</Extensions>
    </Filter>
    <Filter Include="Header Files">
      <UniqueIdentifier>{93995380-89BD-4b04-88EB-625FBE52EBFB}</UniqueIdentifier>
      <Extensions>h;hh;hpp;hxx;h++;hm;inl;inc;ipp;xsd</Extensions>
    </Filter>
    <Filter Include="Header Files\Actors">
      <UniqueIdentifier>{10f42e70-21b6-4a73-838c-b4e7f6f3cde7}</UniqueIdentifier>
    </Filter>
    <Filter Include="Source Files\Actors">
      <UniqueIdentifier>{9f8cb029-0ad9-457c-a21e-07507268a583}</UniqueIdentifier>
    </Filter>
    <Filter Include="Header Files\Support">
      <UniqueIdentifier>{0120d4aa-1a1e-4707-b211-01831a312d2c}</UniqueIdentifier>
    </Filter>
    <Filter Include="Source Files\Support">
      <UniqueIdentifier>{97d221d1-ba64-49df-93ed-6fd77384feff}</UniqueIdentifier>
    </Filter>
  </ItemGroup>
  <ItemGroup>
    <ClCompile Include="CGS_MazeGame.cpp">
      <Filter>Source Files</Filter>
    </ClCompile>
    <ClCompile Include="Level.cpp">
      <Filter>Source Files</Filter>
    </ClCompile>
    <ClCompile Include="Editor.cpp">
      <Filter>Source Files</Filter>
    </ClCompile>
    <ClCompile Include="Actor.cpp">
      <Filter>Source Files\Actors</Filter>
    </ClCompile>
    <ClCompile Include="Door.cpp">
      <Filter>Source Files\Actors</Filter>
    </ClCompile>
    <ClCompile Include="Enemy.cpp">
      <Filter>Source Files\Actors</Filter>
    </ClCompile>
    <ClCompile Include="Key.cpp">
      <Filter>Source Files\Actors</Filter>
    </ClCompile>
    <ClCompile Include="Money.cpp">
      <Filter>Source Files\Actors</Filter>
    </ClCompile>
    <ClCompile Include="Player.cpp">
      <Filter>Source Files\Actors</Filter>
    </ClCompile>
    <ClCompile Include="Exit.cpp">
      <Filter>Source Files\Actors</Filter>
    </ClCompile>
    <ClCompile Include="Helpers.cpp">
      <Filter>Source Files\Support</Filter>
    </ClCompile>
    <ClCompile Include="Interface.cpp">
      <Filter>Source Files\Support</Filter>
    </ClCompile>
    <ClCompile Include="Game.cpp">
      <Filter>Source Files</Filter>
    </ClCompile>
  </ItemGroup>
  <ItemGroup>
    <ClInclude Include="Level.h">
      <Filter>Header Files</Filter>
    </ClInclude>
    <ClInclude Include="Game.h">
      <Filter>Header Files</Filter>
    </ClInclude>
    <ClInclude Include="Editor.h">
      <Filter>Header Files</Filter>
    </ClInclude>
    <ClInclude Include="Actor.h">
      <Filter>Header Files\Actors</Filter>
    </ClInclude>
    <ClInclude Include="Door.h">
      <Filter>Header Files\Actors</Filter>
    </ClInclude>
    <ClInclude Include="Enemy.h">
      <Filter>Header Files\Actors</Filter>
    </ClInclude>
    <ClInclude Include="Exit.h">
      <Filter>Header Files\Actors</Filter>
    </ClInclude>
    <ClInclude Include="Key.h">
      <Filter>Header Files\Actors</Filter>
    </ClInclude>
    <ClInclude Include="Money.h">
      <Filter>Header Files\Actors</Filter>
    </ClInclude>
    <ClInclude Include="Player.h">
      <Filter>Header Files\Actors</Filter>
    </ClInclude>
    <ClInclude Include="Colors.h">
      <Filter>Header Files\Support</Filter>
    </ClInclude>
    <ClInclude Include="Helpers.h">
      <Filter>Header Files\Support</Filter>
    </ClInclude>
    <ClInclude Include="Input.h">
      <Filter>Header Files\Support</Filter>
    </ClInclude>
    <ClInclude Include="Interface.h">
      <Filter>Header Files\Support</Filter>
    </ClInclude>
    <ClInclude Include="Point.h">
      <Filter>Header Files\Support</Filter>
    </ClInclude>
  </ItemGroup>
</Project>